// !$*UTF8*$!
{
	archiveVersion = 1;
	classes = {
	};
	objectVersion = 46;
	objects = {

/* Begin PBXBuildFile section */
		46A0E1FDAC354F0D9B89462B /* libPods-STDeferredTest.a in Frameworks */ = {isa = PBXBuildFile; fileRef = FEFB53D799074A83B7286024 /* libPods-STDeferredTest.a */; settings = {ATTRIBUTES = (Required, ); }; };
		7F578B4815E7E8D60053ACA6 /* UIKit.framework in Frameworks */ = {isa = PBXBuildFile; fileRef = 7F578B4715E7E8D60053ACA6 /* UIKit.framework */; };
		7F578B4915E7E8D60053ACA6 /* Foundation.framework in Frameworks */ = {isa = PBXBuildFile; fileRef = 7F578B0015E7BE770053ACA6 /* Foundation.framework */; };
		7F578B4B15E7E8D60053ACA6 /* CoreGraphics.framework in Frameworks */ = {isa = PBXBuildFile; fileRef = 7F578B4A15E7E8D60053ACA6 /* CoreGraphics.framework */; };
		7F578B5115E7E8D60053ACA6 /* InfoPlist.strings in Resources */ = {isa = PBXBuildFile; fileRef = 7F578B4F15E7E8D60053ACA6 /* InfoPlist.strings */; };
		7F578B5315E7E8D60053ACA6 /* main.m in Sources */ = {isa = PBXBuildFile; fileRef = 7F578B5215E7E8D60053ACA6 /* main.m */; };
		7F578B6115E7E9440053ACA6 /* STDeferredTest.m in Sources */ = {isa = PBXBuildFile; fileRef = 7F578B6015E7E9440053ACA6 /* STDeferredTest.m */; };
		7F578B6215E7E9760053ACA6 /* STDeferred.m in Sources */ = {isa = PBXBuildFile; fileRef = 7F578B0715E7BE770053ACA6 /* STDeferred.m */; };
/* End PBXBuildFile section */

/* Begin PBXFileReference section */
		4DDC7C04C36841EC938D31B1 /* Pods-STDeferredTest.xcconfig */ = {isa = PBXFileReference; includeInIndex = 1; lastKnownFileType = text.xcconfig; name = "Pods-STDeferredTest.xcconfig"; path = "Pods/Pods-STDeferredTest.xcconfig"; sourceTree = SOURCE_ROOT; };
		7F578B0015E7BE770053ACA6 /* Foundation.framework */ = {isa = PBXFileReference; includeInIndex = 1; lastKnownFileType = wrapper.framework; name = Foundation.framework; path = System/Library/Frameworks/Foundation.framework; sourceTree = SDKROOT; };
		7F578B0415E7BE770053ACA6 /* STDeferred-Prefix.pch */ = {isa = PBXFileReference; lastKnownFileType = sourcecode.c.h; path = "STDeferred-Prefix.pch"; sourceTree = "<group>"; };
		7F578B0515E7BE770053ACA6 /* STDeferred.h */ = {isa = PBXFileReference; lastKnownFileType = sourcecode.c.h; path = STDeferred.h; sourceTree = "<group>"; };
		7F578B0715E7BE770053ACA6 /* STDeferred.m */ = {isa = PBXFileReference; lastKnownFileType = sourcecode.c.objc; path = STDeferred.m; sourceTree = "<group>"; };
		7F578B4515E7E8D60053ACA6 /* STDeferredTest.app */ = {isa = PBXFileReference; explicitFileType = wrapper.application; includeInIndex = 0; path = STDeferredTest.app; sourceTree = BUILT_PRODUCTS_DIR; };
		7F578B4715E7E8D60053ACA6 /* UIKit.framework */ = {isa = PBXFileReference; lastKnownFileType = wrapper.framework; name = UIKit.framework; path = System/Library/Frameworks/UIKit.framework; sourceTree = SDKROOT; };
		7F578B4A15E7E8D60053ACA6 /* CoreGraphics.framework */ = {isa = PBXFileReference; lastKnownFileType = wrapper.framework; name = CoreGraphics.framework; path = System/Library/Frameworks/CoreGraphics.framework; sourceTree = SDKROOT; };
		7F578B4E15E7E8D60053ACA6 /* STDeferredTest-Info.plist */ = {isa = PBXFileReference; lastKnownFileType = text.plist.xml; path = "STDeferredTest-Info.plist"; sourceTree = "<group>"; };
		7F578B5015E7E8D60053ACA6 /* en */ = {isa = PBXFileReference; lastKnownFileType = text.plist.strings; name = en; path = en.lproj/InfoPlist.strings; sourceTree = "<group>"; };
		7F578B5215E7E8D60053ACA6 /* main.m */ = {isa = PBXFileReference; lastKnownFileType = sourcecode.c.objc; path = main.m; sourceTree = "<group>"; };
		7F578B5415E7E8D60053ACA6 /* STDeferredTest-Prefix.pch */ = {isa = PBXFileReference; lastKnownFileType = sourcecode.c.h; path = "STDeferredTest-Prefix.pch"; sourceTree = "<group>"; };
		7F578B5D15E7E8F30053ACA6 /* libPods-test.a */ = {isa = PBXFileReference; lastKnownFileType = archive.ar; name = "libPods-test.a"; path = "Pods/build/Release-iphoneos/libPods-test.a"; sourceTree = "<group>"; };
		7F578B6015E7E9440053ACA6 /* STDeferredTest.m */ = {isa = PBXFileReference; fileEncoding = 4; lastKnownFileType = sourcecode.c.objc; path = STDeferredTest.m; sourceTree = "<group>"; };
		FEFB53D799074A83B7286024 /* libPods-STDeferredTest.a */ = {isa = PBXFileReference; explicitFileType = archive.ar; includeInIndex = 0; path = "libPods-STDeferredTest.a"; sourceTree = BUILT_PRODUCTS_DIR; };
/* End PBXFileReference section */

/* Begin PBXFrameworksBuildPhase section */
		7F578B4215E7E8D60053ACA6 /* Frameworks */ = {
			isa = PBXFrameworksBuildPhase;
			buildActionMask = 2147483647;
			files = (
				7F578B4815E7E8D60053ACA6 /* UIKit.framework in Frameworks */,
				7F578B4915E7E8D60053ACA6 /* Foundation.framework in Frameworks */,
				7F578B4B15E7E8D60053ACA6 /* CoreGraphics.framework in Frameworks */,
				46A0E1FDAC354F0D9B89462B /* libPods-STDeferredTest.a in Frameworks */,
			);
			runOnlyForDeploymentPostprocessing = 0;
		};
/* End PBXFrameworksBuildPhase section */

/* Begin PBXGroup section */
		7F578AF215E7BE770053ACA6 = {
			isa = PBXGroup;
			children = (
				7F578B0215E7BE770053ACA6 /* STDeferred */,
				7F578B4C15E7E8D60053ACA6 /* STDeferredTest */,
				7F578AFF15E7BE770053ACA6 /* Frameworks */,
				7F578AFE15E7BE770053ACA6 /* Products */,
				4DDC7C04C36841EC938D31B1 /* Pods-STDeferredTest.xcconfig */,
			);
			sourceTree = "<group>";
		};
		7F578AFE15E7BE770053ACA6 /* Products */ = {
			isa = PBXGroup;
			children = (
				7F578B4515E7E8D60053ACA6 /* STDeferredTest.app */,
			);
			name = Products;
			sourceTree = "<group>";
		};
		7F578AFF15E7BE770053ACA6 /* Frameworks */ = {
			isa = PBXGroup;
			children = (
				7F578B5D15E7E8F30053ACA6 /* libPods-test.a */,
				7F578B0015E7BE770053ACA6 /* Foundation.framework */,
				7F578B4715E7E8D60053ACA6 /* UIKit.framework */,
				7F578B4A15E7E8D60053ACA6 /* CoreGraphics.framework */,
				FEFB53D799074A83B7286024 /* libPods-STDeferredTest.a */,
			);
			name = Frameworks;
			sourceTree = "<group>";
		};
		7F578B0215E7BE770053ACA6 /* STDeferred */ = {
			isa = PBXGroup;
			children = (
				7F578B0515E7BE770053ACA6 /* STDeferred.h */,
				7F578B0715E7BE770053ACA6 /* STDeferred.m */,
				7F578B0315E7BE770053ACA6 /* Supporting Files */,
			);
			path = STDeferred;
			sourceTree = "<group>";
		};
		7F578B0315E7BE770053ACA6 /* Supporting Files */ = {
			isa = PBXGroup;
			children = (
				7F578B0415E7BE770053ACA6 /* STDeferred-Prefix.pch */,
			);
			name = "Supporting Files";
			sourceTree = "<group>";
		};
		7F578B4C15E7E8D60053ACA6 /* STDeferredTest */ = {
			isa = PBXGroup;
			children = (
				7F578B6015E7E9440053ACA6 /* STDeferredTest.m */,
				7F578B4D15E7E8D60053ACA6 /* Supporting Files */,
			);
			path = STDeferredTest;
			sourceTree = "<group>";
		};
		7F578B4D15E7E8D60053ACA6 /* Supporting Files */ = {
			isa = PBXGroup;
			children = (
				7F578B4E15E7E8D60053ACA6 /* STDeferredTest-Info.plist */,
				7F578B4F15E7E8D60053ACA6 /* InfoPlist.strings */,
				7F578B5215E7E8D60053ACA6 /* main.m */,
				7F578B5415E7E8D60053ACA6 /* STDeferredTest-Prefix.pch */,
			);
			name = "Supporting Files";
			sourceTree = "<group>";
		};
/* End PBXGroup section */

/* Begin PBXNativeTarget section */
		7F578B4415E7E8D60053ACA6 /* STDeferredTest */ = {
			isa = PBXNativeTarget;
			buildConfigurationList = 7F578B5815E7E8D60053ACA6 /* Build configuration list for PBXNativeTarget "STDeferredTest" */;
			buildPhases = (
				7F578B4115E7E8D60053ACA6 /* Sources */,
				7F578B4215E7E8D60053ACA6 /* Frameworks */,
				7F578B4315E7E8D60053ACA6 /* Resources */,
				41A32B8735974200A2AA395B /* Copy Pods Resources */,
				E1B2A2071750C0040005D40F /* ShellScript */,
			);
			buildRules = (
			);
			dependencies = (
			);
			name = STDeferredTest;
			productName = STDeferredTest;
			productReference = 7F578B4515E7E8D60053ACA6 /* STDeferredTest.app */;
			productType = "com.apple.product-type.application";
		};
/* End PBXNativeTarget section */

/* Begin PBXProject section */
		7F578AF415E7BE770053ACA6 /* Project object */ = {
			isa = PBXProject;
			attributes = {
				LastUpgradeCheck = 0440;
				ORGANIZATIONNAME = saiten;
			};
			buildConfigurationList = 7F578AF715E7BE770053ACA6 /* Build configuration list for PBXProject "STDeferred" */;
			compatibilityVersion = "Xcode 3.2";
			developmentRegion = English;
			hasScannedForEncodings = 0;
			knownRegions = (
				en,
			);
			mainGroup = 7F578AF215E7BE770053ACA6;
			productRefGroup = 7F578AFE15E7BE770053ACA6 /* Products */;
			projectDirPath = "";
			projectRoot = "";
			targets = (
				7F578B4415E7E8D60053ACA6 /* STDeferredTest */,
			);
		};
/* End PBXProject section */

/* Begin PBXResourcesBuildPhase section */
		7F578B4315E7E8D60053ACA6 /* Resources */ = {
			isa = PBXResourcesBuildPhase;
			buildActionMask = 2147483647;
			files = (
				7F578B5115E7E8D60053ACA6 /* InfoPlist.strings in Resources */,
			);
			runOnlyForDeploymentPostprocessing = 0;
		};
/* End PBXResourcesBuildPhase section */

/* Begin PBXShellScriptBuildPhase section */
		41A32B8735974200A2AA395B /* Copy Pods Resources */ = {
			isa = PBXShellScriptBuildPhase;
			buildActionMask = 2147483647;
			files = (
			);
			inputPaths = (
			);
			name = "Copy Pods Resources";
			outputPaths = (
			);
			runOnlyForDeploymentPostprocessing = 0;
			shellPath = /bin/sh;
			shellScript = "\"${SRCROOT}/Pods/Pods-STDeferredTest-resources.sh\"\n";
		};
		E1B2A2071750C0040005D40F /* ShellScript */ = {
			isa = PBXShellScriptBuildPhase;
			buildActionMask = 2147483647;
			files = (
			);
			inputPaths = (
			);
			outputPaths = (
			);
			runOnlyForDeploymentPostprocessing = 0;
			shellPath = /bin/sh;
			shellScript = "sh RunTests.sh";
			showEnvVarsInLog = 0;
		};
/* End PBXShellScriptBuildPhase section */

/* Begin PBXSourcesBuildPhase section */
		7F578B4115E7E8D60053ACA6 /* Sources */ = {
			isa = PBXSourcesBuildPhase;
			buildActionMask = 2147483647;
			files = (
				7F578B5315E7E8D60053ACA6 /* main.m in Sources */,
				7F578B6215E7E9760053ACA6 /* STDeferred.m in Sources */,
				7F578B6115E7E9440053ACA6 /* STDeferredTest.m in Sources */,
			);
			runOnlyForDeploymentPostprocessing = 0;
		};
/* End PBXSourcesBuildPhase section */

/* Begin PBXVariantGroup section */
		7F578B4F15E7E8D60053ACA6 /* InfoPlist.strings */ = {
			isa = PBXVariantGroup;
			children = (
				7F578B5015E7E8D60053ACA6 /* en */,
			);
			name = InfoPlist.strings;
			sourceTree = "<group>";
		};
/* End PBXVariantGroup section */

/* Begin XCBuildConfiguration section */
		7F578B0915E7BE770053ACA6 /* Debug */ = {
			isa = XCBuildConfiguration;
			buildSettings = {
				ALWAYS_SEARCH_USER_PATHS = NO;
				ARCHS = "$(ARCHS_STANDARD_32_BIT)";
				CLANG_CXX_LANGUAGE_STANDARD = "gnu++0x";
				CLANG_ENABLE_OBJC_ARC = YES;
				CLANG_WARN__DUPLICATE_METHOD_MATCH = YES;
				COPY_PHASE_STRIP = NO;
				GCC_C_LANGUAGE_STANDARD = gnu99;
				GCC_DYNAMIC_NO_PIC = NO;
				GCC_OPTIMIZATION_LEVEL = 0;
				GCC_PREPROCESSOR_DEFINITIONS = (
					"DEBUG=1",
					"$(inherited)",
				);
				GCC_SYMBOLS_PRIVATE_EXTERN = NO;
				GCC_VERSION = com.apple.compilers.llvm.clang.1_0;
				GCC_WARN_ABOUT_RETURN_TYPE = YES;
				GCC_WARN_UNINITIALIZED_AUTOS = YES;
				GCC_WARN_UNUSED_VARIABLE = YES;
				IPHONEOS_DEPLOYMENT_TARGET = 5.1;
				SDKROOT = iphoneos;
			};
			name = Debug;
		};
		7F578B0A15E7BE770053ACA6 /* Release */ = {
			isa = XCBuildConfiguration;
			buildSettings = {
				ALWAYS_SEARCH_USER_PATHS = NO;
				ARCHS = "$(ARCHS_STANDARD_32_BIT)";
				CLANG_CXX_LANGUAGE_STANDARD = "gnu++0x";
				CLANG_ENABLE_OBJC_ARC = YES;
				CLANG_WARN__DUPLICATE_METHOD_MATCH = YES;
				COPY_PHASE_STRIP = YES;
				GCC_C_LANGUAGE_STANDARD = gnu99;
				GCC_VERSION = com.apple.compilers.llvm.clang.1_0;
				GCC_WARN_ABOUT_RETURN_TYPE = YES;
				GCC_WARN_UNINITIALIZED_AUTOS = YES;
				GCC_WARN_UNUSED_VARIABLE = YES;
				IPHONEOS_DEPLOYMENT_TARGET = 5.1;
				SDKROOT = iphoneos;
				VALIDATE_PRODUCT = YES;
			};
			name = Release;
		};
		7F578B5915E7E8D60053ACA6 /* Debug */ = {
			isa = XCBuildConfiguration;
			baseConfigurationReference = 4DDC7C04C36841EC938D31B1 /* Pods-STDeferredTest.xcconfig */;
			buildSettings = {
				"CODE_SIGN_IDENTITY[sdk=iphoneos*]" = "iPhone Developer";
				GCC_GENERATE_TEST_COVERAGE_FILES = YES;
				GCC_INSTRUMENT_PROGRAM_FLOW_ARCS = YES;
				GCC_PRECOMPILE_PREFIX_HEADER = YES;
				GCC_PREFIX_HEADER = "STDeferredTest/STDeferredTest-Prefix.pch";
				INFOPLIST_FILE = "STDeferredTest/STDeferredTest-Info.plist";
				PRODUCT_NAME = "$(TARGET_NAME)";
				TARGETED_DEVICE_FAMILY = "1,2";
				WRAPPER_EXTENSION = app;
			};
			name = Debug;
		};
		7F578B5A15E7E8D60053ACA6 /* Release */ = {
			isa = XCBuildConfiguration;
			baseConfigurationReference = 4DDC7C04C36841EC938D31B1 /* Pods-STDeferredTest.xcconfig */;
			buildSettings = {
				"CODE_SIGN_IDENTITY[sdk=iphoneos*]" = "iPhone Developer";
				GCC_GENERATE_TEST_COVERAGE_FILES = YES;
				GCC_INSTRUMENT_PROGRAM_FLOW_ARCS = YES;
				GCC_PRECOMPILE_PREFIX_HEADER = YES;
				GCC_PREFIX_HEADER = "STDeferredTest/STDeferredTest-Prefix.pch";
				INFOPLIST_FILE = "STDeferredTest/STDeferredTest-Info.plist";
				OTHER_CFLAGS = "-DNS_BLOCK_ASSERTIONS=1";
				PRODUCT_NAME = "$(TARGET_NAME)";
				TARGETED_DEVICE_FAMILY = "1,2";
				WRAPPER_EXTENSION = app;
			};
			name = Release;
		};
/* End XCBuildConfiguration section */

/* Begin XCConfigurationList section */
		7F578AF715E7BE770053ACA6 /* Build configuration list for PBXProject "STDeferred" */ = {
			isa = XCConfigurationList;
			buildConfigurations = (
				7F578B0915E7BE770053ACA6 /* Debug */,
				7F578B0A15E7BE770053ACA6 /* Release */,
			);
			defaultConfigurationIsVisible = 0;
			defaultConfigurationName = Release;
		};
		7F578B5815E7E8D60053ACA6 /* Build configuration list for PBXNativeTarget "STDeferredTest" */ = {
			isa = XCConfigurationList;
			buildConfigurations = (
				7F578B5915E7E8D60053ACA6 /* Debug */,
				7F578B5A15E7E8D60053ACA6 /* Release */,
			);
			defaultConfigurationIsVisible = 0;
			defaultConfigurationName = Release;
		};
/* End XCConfigurationList section */
	};
	rootObject = 7F578AF415E7BE770053ACA6 /* Project object */;
}
